
Microsoft Visual Studio Solution File, Format Version 12.00
# Visual Studio 15
VisualStudioVersion = 15.0.26403.0
MinimumVisualStudioVersion = 10.0.40219.1
Project("{FAE04EC0-301F-11D3-BF4B-00C04F79EFBC}") = "JSon", "JSon\JSon.csproj", "{CBD04F8E-6C29-4E8D-B587-280EE557B032}"
EndProject
Global
	GlobalSection(SolutionConfigurationPlatforms) = preSolution
		Debug|Any CPU = Debug|Any CPU
		Release|Any CPU = Release|Any CPU
	EndGlobalSection
	GlobalSection(ProjectConfigurationPlatforms) = postSolution
		{CBD04F8E-6C29-4E8D-B587-280EE557B032}.Debug|Any CPU.ActiveCfg = Debug|Any CPU
		{CBD04F8E-6C29-4E8D-B587-280EE557B032}.Debug|Any CPU.Build.0 = Debug|Any CPU
		{CBD04F8E-6C29-4E8D-B587-280EE557B032}.Release|Any CPU.ActiveCfg = Release|Any CPU
		{CBD04F8E-6C29-4E8D-B587-280EE557B032}.Release|Any CPU.Build.0 = Release|Any CPU
	EndGlobalSection
	GlobalSection(SolutionProperties) = preSolution
		HideSolutionNode = FALSE
	EndGlobalSection
EndGlobal
